
Microsoft Visual Studio Solution File, Format Version 12.00
# Visual Studio 15
VisualStudioVersion = 15.0.28307.645
MinimumVisualStudioVersion = 10.0.40219.1
Project("{FAE04EC0-301F-11D3-BF4B-00C04F79EFBC}") = "Folder_Organisation", "Folder_Organisation\Folder_Organisation.csproj", "{1CD4CEAE-794D-4D8A-9572-3DC7D62F7BCC}"
EndProject
Global
	GlobalSection(SolutionConfigurationPlatforms) = preSolution
		Debug|Any CPU = Debug|Any CPU
		Release|Any CPU = Release|Any CPU
	EndGlobalSection
	GlobalSection(ProjectConfigurationPlatforms) = postSolution
		{1CD4CEAE-794D-4D8A-9572-3DC7D62F7BCC}.Debug|Any CPU.ActiveCfg = Debug|Any CPU
		{1CD4CEAE-794D-4D8A-9572-3DC7D62F7BCC}.Debug|Any CPU.Build.0 = Debug|Any CPU
		{1CD4CEAE-794D-4D8A-9572-3DC7D62F7BCC}.Release|Any CPU.ActiveCfg = Release|Any CPU
		{1CD4CEAE-794D-4D8A-9572-3DC7D62F7BCC}.Release|Any CPU.Build.0 = Release|Any CPU
	EndGlobalSection
	GlobalSection(SolutionProperties) = preSolution
		HideSolutionNode = FALSE
	EndGlobalSection
	GlobalSection(ExtensibilityGlobals) = postSolution
		SolutionGuid = {28062968-F7FD-406F-977B-60823702872D}
	EndGlobalSection
EndGlobal
